# This file is autogenerated, do not edit; changes may be undone by the next 'dep ensure'.


[[projects]]
  digest = "1:00ce6d124c3df5ca3073384f40a22c0c252e2962d433a90beb71ac2c95bc222c"
  name = "github.com/Jeffail/gabs"
  packages = ["."]
  pruneopts = "UT"
  revision = "2a3aa15961d5fee6047b8151b67ac2f08ba2c48c"
  version = "1.0"

[[projects]]
  digest = "1:51116366bee19360adecb1b08946417b65c804ef2c20bf9f33a6c1afd1910227"
  name = "github.com/Sirupsen/logrus"
  packages = [
    ".",
    "hooks/syslog",
  ]
  pruneopts = "UT"
  revision = "1deb2db2a6fff8a35532079061b903c3a25eed52"

[[projects]]
  branch = "master"
  digest = "1:241621c762e3fd2d4b7fe9c3cabf3c71222cb46bb06d7a5db32b8ab4be04af28"
  name = "github.com/TykTechnologies/concurrent-map"
  packages = ["."]
  pruneopts = "UT"
  revision = "7de59d53fd5c30afb681bfcfe58842d2e14136bd"

[[projects]]
  branch = "master"
  digest = "1:62ad6c285e424328b210b8c5f0bee430efcabb545f5bb822273a02a2cb068523"
  name = "github.com/TykTechnologies/drl"
  packages = ["."]
  pruneopts = "UT"
  revision = "36df9d02f946013b2b4ddaf813770256272c375a"

[[projects]]
  branch = "master"
  digest = "1:c115b4229f47bffb0a2b7ab5a300794ec7aa8651c9e0f451b712a61145ff8e7c"
  name = "github.com/TykTechnologies/goagain"
  packages = ["."]
  pruneopts = "UT"
  revision = "e23361255278b7e2dcdfe6d1407191725340fa00"

[[projects]]
  branch = "master"
  digest = "1:414090559a42a2e512a0870c02308cad0066f05f865e6af193a4883d1f8a3199"
  name = "github.com/TykTechnologies/gojsonschema"
  packages = ["."]
  pruneopts = "UT"
  revision = "dcb3e4bb79906c5695321440deca10592f4eeb2d"

[[projects]]
  branch = "master"
  digest = "1:9fdf638ff7a0b04fa00250f4808f337826b746404f4cc6508108d51bf6623174"
  name = "github.com/TykTechnologies/goverify"
  packages = ["."]
  pruneopts = "UT"
  revision = "7ccc57452adef8d43b60485fb109e97d9e138d0c"

[[projects]]
  digest = "1:cd39db58693fcac56438c334e8d807f1a1cf2e9ca8f2b842de28d3ea15d78eec"
  name = "github.com/TykTechnologies/leakybucket"
  packages = [
    ".",
    "memorycache",
  ]
  pruneopts = "UT"
  revision = "3b5c18f866dbcf3d72573839d1448f9bb9b2fd7d"

[[projects]]
  branch = "master"
  digest = "1:c3aaa95f14f141347f238a77c57ab725f1d7d29d083e9b8100bdd384b6b7e740"
  name = "github.com/TykTechnologies/logrus"
  packages = ["."]
  pruneopts = "UT"
  revision = "55ff0f4b9b3de929d99bad783723811ff7add9b6"

[[projects]]
  branch = "master"
  digest = "1:2df1991a9fc8001c2d59b61e64d76763d21fa735c447d1af5bfa3295a5d35f00"
  name = "github.com/TykTechnologies/murmur3"
  packages = ["."]
  pruneopts = "UT"
  revision = "1915e687e465f5085f46a3a1339fb2d004e29dfb"

[[projects]]
  branch = "master"
  digest = "1:7c1236dfd33c479b8740902241719d9e349ac891c95cb41019cda75572a22f7c"
  name = "github.com/TykTechnologies/openid2go"
  packages = ["openid"]
  pruneopts = "UT"
  revision = "aab5ce1231ab090ca20af7b7b45a86ae34235eef"

[[projects]]
  branch = "master"
  digest = "1:bc29b3eae7c8fb444a0478b39a9c7d959a3f0016b12ad940635b84d29a70ff38"
  name = "github.com/TykTechnologies/redigocluster"
  packages = ["rediscluster"]
  pruneopts = "UT"
  revision = "a855bb8b4c85b2be51d7ee2e22e000467589bce8"

[[projects]]
  branch = "master"
  digest = "1:e772da53589087de6fccf436ea9f37d85e8e3a74d877d104903abab69b51fe8b"
  name = "github.com/TykTechnologies/tyk"
  packages = [
    "apidef",
    "apidef/importer",
    "certs",
    "checkup",
    "cli",
    "cli/bundler",
    "cli/importer",
    "cli/lint",
    "config",
    "coprocess",
    "log",
    "regexp",
    "request",
    "storage",
    "test",
    "user",
  ]
  pruneopts = "UT"
  revision = "aa96862fdbc9668563d4440a7018aeab45b91ba8"

[[projects]]
  branch = "master"
  digest = "1:315c5f2f60c76d89b871c73f9bd5fe689cad96597afd50fb9992228ef80bdd34"
  name = "github.com/alecthomas/template"
  packages = [
    ".",
    "parse",
  ]
  pruneopts = "UT"
  revision = "a0175ee3bccc567396460bf5acd36800cb10c49c"

[[projects]]
  branch = "master"
  digest = "1:c198fdc381e898e8fb62b8eb62758195091c313ad18e52a3067366e1dda2fb3c"
  name = "github.com/alecthomas/units"
  packages = ["."]
  pruneopts = "UT"
  revision = "2efee857e7cfd4f3d0138cc3cbb1b4966962b93a"

[[projects]]
  digest = "1:f70c78681b4af5cc9577c54512ad60febe576c68fe61d224f01ddfe88499369f"
  name = "github.com/bshuster-repo/logrus-logstash-hook"
  packages = ["."]
  pruneopts = "UT"
  revision = "5f729f2fb50a301153cae84ff5c58981d51c095a"

[[projects]]
  digest = "1:5cf9921763e370cf8f58ce19d6cf76758ced096a8300c7252cbff98f935e5819"
  name = "github.com/buger/jsonparser"
  packages = ["."]
  pruneopts = "UT"
  revision = "bb14bb6c38f6cf1706ef55278891d184b6a51b0e"

[[projects]]
  digest = "1:0d5fdcd4a963f5486979d53d72c7d784ced34836e3eba766977962c1e630fedd"
  name = "github.com/cenk/backoff"
  packages = ["."]
  pruneopts = "UT"
  revision = "b02f2bbce11d7ea6b97f282ef1771b0fe2f65ef3"

[[projects]]
  digest = "1:48fe4883dedb04f1f8b4e1d49a49bfed93c3e1687036a05323a81b3b7c4554c7"
  name = "github.com/certifi/gocertifi"
  packages = ["."]
  pruneopts = "UT"
  revision = "03be5e6bb9874570ea7fb0961225d193cbc374c5"
  version = "2017.01.23"

[[projects]]
  digest = "1:4f14b60b76228d1fadef0ca789ab05af5e8a95adb1177b2e62c3f4898d94c6bd"
  name = "github.com/clbanning/mxj"
  packages = ["."]
  pruneopts = "UT"
  revision = "1cda74d18ebbb04f525b355309c16d594e1f8f77"
  version = "v1.6.1"

[[projects]]
  digest = "1:2197d8dedf745a4db8a4eeec39945cd3d402a743588d9bc2641c34a3246b2171"
  name = "github.com/dgrijalva/jwt-go"
  packages = ["."]
  pruneopts = "UT"
  revision = "9ed569b5d1ac936e6494082958d63a6aa4fff99a"

[[projects]]
  digest = "1:13fc639b9a56c31aec1a293538032f4d1280bdeeadf286fcf06fc810fb50be8c"
  name = "github.com/evalphobia/logrus_sentry"
  packages = ["."]
  pruneopts = "UT"
  revision = "3515445f906f3bc291b78599b57b7374951cbb79"
  version = "v0.2.12"

[[projects]]
  branch = "master"
  digest = "1:c183111eaf02a9e6bb39c213bdfb5472b16f1955dd4c9dab82db83f114c64a63"
  name = "github.com/facebookgo/atomicfile"
  packages = ["."]
  pruneopts = "UT"
  revision = "2de1f203e7d5e386a6833233882782932729f27e"

[[projects]]
  branch = "master"
  digest = "1:5fe3f6ede1c208a2efd3b78fe4df0306aa9624edd39476143d14f0326e5a8d29"
  name = "github.com/facebookgo/clock"
  packages = ["."]
  pruneopts = "UT"
  revision = "600d898af40aa09a7a93ecb9265d87b0504b6f03"

[[projects]]
  branch = "master"
  digest = "1:b0b75ab0829ae3769f1f221486da0c40c8dc0680fb93d072b5df5a39d56c996c"
  name = "github.com/facebookgo/pidfile"
  packages = ["."]
  pruneopts = "UT"
  revision = "f242e2999868dcd267a2b86e49ce1f9cf9e15b16"

[[projects]]
  digest = "1:b6ba2b62d27a0025507b97340c60720ac0a24e2ab9949fefa2754d8a25b3927e"
  name = "github.com/franela/goreq"
  packages = ["."]
  pruneopts = "UT"
  revision = "fc08df6ca2d4a0d1a5ae24739aa268863943e723"

[[projects]]
  digest = "1:f7184bb17a1dcbe272dd052bbc3f15bd3edc19fea7b74cd45b12c5d61fce030d"
  name = "github.com/garyburd/redigo"
  packages = [
    "internal",
    "redis",
  ]
  pruneopts = "UT"
  revision = "a7327d8ced8067e916e7e35490522fd0182fa839"

[[projects]]
  digest = "1:5991bb67e92378da49ce40b3a6d3f4f68b9d97961c0875ec5a2242f1e24cb3fa"
  name = "github.com/gemnasium/logrus-graylog-hook"
  packages = ["."]
  pruneopts = "UT"
  revision = "3854c2f03d93f9c40791dacb8ca200af51397bb0"
  version = "2.0.4"

[[projects]]
  digest = "1:38a61373ccb24ce39bf9ce7ad506a7578737fd65db5b6f22f8b30a9113bbdb50"
  name = "github.com/getsentry/raven-go"
  packages = ["."]
  pruneopts = "UT"
  revision = "3f7439d3e74d88e21d196ba20eb61a5a958bc118"

[[projects]]
  digest = "1:83f1a141b0d9c3388023a43eb22a79ad14492f0b28cf75b9577ec97b7c5b6db7"
  name = "github.com/gocraft/health"
  packages = [
    ".",
    "stack",
  ]
  pruneopts = "UT"
  revision = "25b40f8580168c1f905a6dba35d471cdc51ca629"

[[projects]]
  digest = "1:17fe264ee908afc795734e8c4e63db2accabaf57326dbf21763a7d6b86096260"
  name = "github.com/golang/protobuf"
  packages = [
    "proto",
    "ptypes",
    "ptypes/any",
    "ptypes/duration",
    "ptypes/timestamp",
  ]
  pruneopts = "UT"
  revision = "b4deda0973fb4c70b50d226b1af49f3da59f5265"
  version = "v1.1.0"

[[projects]]
  digest = "1:c79fb010be38a59d657c48c6ba1d003a8aa651fa56b579d959d74573b7dff8e1"
  name = "github.com/gorilla/context"
  packages = ["."]
  pruneopts = "UT"
  revision = "08b5f424b9271eedf6f9f0ce86cb9396ed337a42"
  version = "v1.1.1"

[[projects]]
  digest = "1:3c44722a6360b8d8abf6f70f122c69007189be992a150e39571224c54a9bc380"
  name = "github.com/gorilla/mux"
  packages = ["."]
  pruneopts = "UT"
  revision = "7f08801859139f86dfafd1c296e2cba9a80d292e"
  version = "v1.6.0"

[[projects]]
  digest = "1:ad26201c566330c2ddfa2e472d22e48e95bfd203d3dadcf2ec4b454e42170972"
  name = "github.com/gorilla/websocket"
  packages = ["."]
  pruneopts = "UT"
  revision = "b89020ee79b89a7f932c5617d218fc06db382f53"

[[projects]]
  digest = "1:5fd0f14fbc74fe9df163acf6db2ba8f5276aee6a1c4dcd71a1f0bb4aaa61dd76"
  name = "github.com/jeffail/tunny"
  packages = ["."]
  pruneopts = "UT"
  revision = "c757dde1c2969a4756e8a99622e2f2ddbab35b10"

[[projects]]
  digest = "1:96b69dd0ef91d0b37492e39e8618120fa4ccf282d4863243630cf4ec22d8e046"
  name = "github.com/justinas/alice"
  packages = ["."]
  pruneopts = "UT"
  revision = "1051eaf52fcafdd87ead59d28b065f1fcb8274ec"

[[projects]]
  digest = "1:edbef42561faa44c19129b68d1e109fbc1647f63239250391eadc8d0e7c9f669"
  name = "github.com/kelseyhightower/envconfig"
  packages = ["."]
  pruneopts = "UT"
  revision = "f611eb38b3875cc3bd991ca91c51d06446afa14c"
  version = "v1.3.0"

[[projects]]
  branch = "master"
  digest = "1:bf35ceaacda44390d97ee5224bbbd50e91c3d85e6ced3710d2b69d83b95fdbde"
  name = "github.com/lonelycode/go-uuid"
  packages = ["uuid"]
  pruneopts = "UT"
  revision = "ed3ca8a15a931b141440a7e98e4f716eec255f7d"

[[projects]]
  branch = "master"
  digest = "1:c4472d4a2df222b9fd18ef727f9611f4498def556a041f3b678f22c4e7bb0872"
  name = "github.com/lonelycode/gorpc"
  packages = ["."]
  pruneopts = "UT"
  revision = "5108a99af7137601fdc00c899caa4a3f0a8b31ef"

[[projects]]
  branch = "master"
  digest = "1:4999b2c67ce7d9d9b8d6d96865b597ddd77498ff1109f3d9947aba6b9b93a8b5"
  name = "github.com/lonelycode/osin"
  packages = ["."]
  pruneopts = "UT"
  revision = "da239c9dacb656fc52eca8e7b879824e3145f242"

[[projects]]
  digest = "1:b350b5e1885e277d9d769c77d41760e5844cdf2843b33df5599d46cb2186b4a7"
  name = "github.com/mattn/go-colorable"
  packages = ["."]
  pruneopts = "UT"
  revision = "acb9493f2794fd0f820de7a27a217dafbb1b65ea"

[[projects]]
  digest = "1:fa610f9fe6a93f4a75e64c83673dfff9bf1a34bbb21e6102021b6bc7850834a3"
  name = "github.com/mattn/go-isatty"
  packages = ["."]
  pruneopts = "UT"
  revision = "57fdcb988a5c543893cc61bce354a6e24ab70022"

[[projects]]
  branch = "master"
  digest = "1:1f077f5eb6df4866a7d1977cec876f55695794e84e1644dfc1e15f7a0051fb9f"
  name = "github.com/mavricknz/asn1-ber"
  packages = ["."]
  pruneopts = "UT"
  revision = "b9df1c2f4213e9acfe05cbd20696ac5fc0d5c70e"

[[projects]]
  branch = "master"
  digest = "1:c669ea8a27f5c53a5fbe8f51d2d0373de1fe2e76cbc8584ba7416afdeea6ebd9"
  name = "github.com/mavricknz/ldap"
  packages = ["."]
  pruneopts = "UT"
  revision = "f5a958005e43f515b70d9b1a61d9c842ecd507a6"

[[projects]]
  branch = "master"
  digest = "1:2b32af4d2a529083275afc192d1067d8126b578c7a9613b26600e4df9c735155"
  name = "github.com/mgutz/ansi"
  packages = ["."]
  pruneopts = "UT"
  revision = "9520e82c474b0a04dd04f8a40959027271bab992"

[[projects]]
  digest = "1:37bcb23795c653a47ce39fa5b97775559c085d40258d5aa10c6df00e6bfdf6cc"
  name = "github.com/miekg/dns"
  packages = ["."]
  pruneopts = "UT"
  revision = "90888765254c1fa54fa39e2eb383aa3436a2e8f8"

[[projects]]
  digest = "1:511aec95cfdfd74f7eeb6e519649cf488fcc35dace36fad58c78557ebce70dc3"
  name = "github.com/mitchellh/mapstructure"
  packages = ["."]
  pruneopts = "UT"
  revision = "f3009df150dadf309fdee4a54ed65c124afad715"

[[projects]]
  digest = "1:1bdd89adb2e0f762e213b7119f738840a775cfdad509ab3aa5da26c7e5494aee"
  name = "github.com/newrelic/go-agent"
  packages = [
    ".",
    "_integrations/nrgorilla/v1",
    "internal",
    "internal/jsonx",
    "internal/logger",
    "internal/sysinfo",
    "internal/utilization",
  ]
  pruneopts = "UT"
  revision = "29ec3cd1bb2f21d21d36da37dae52695cb2c3a17"
  version = "v1.9.0"

[[projects]]
  digest = "1:299415a0a7cae774b38e098a41c82d3a6e34b3e73661836407d9c02104c90fb4"
  name = "github.com/oschwald/maxminddb-golang"
  packages = ["."]
  pruneopts = "UT"
  revision = "2af0544f8e032bc7a363e897fbd9c6ed4884a1d6"
  version = "v1.0.0"

[[projects]]
  digest = "1:707ddc477bdb76da40797cdccbac34d06666b35806b3644577189020cab6d029"
  name = "github.com/paulbellamy/ratecounter"
  packages = ["."]
  pruneopts = "UT"
  revision = "5a11f585a31379765c190c033b6ad39956584447"
  version = "v0.1.0"

[[projects]]
  digest = "1:5c77ec0df6475d5fc9bc636ebd00a2585310c4e44c8a30c83f0f5f0c4b53d717"
  name = "github.com/pkg/errors"
  packages = ["."]
  pruneopts = "UT"
  revision = "bfd5150e4e41705ded2129ec33379de1cb90b513"

[[projects]]
  digest = "1:fc61a390fb0ad4b97e31cd1040b91ed02f7ed175f55285efa7a4d10ae208282b"
  name = "github.com/pmylund/go-cache"
  packages = ["."]
  pruneopts = "UT"
  revision = "1881a9bccb818787f68c52bfba648c6cf34c34fa"
  version = "v2.0.0"

[[projects]]
  digest = "1:31c04b413204730ecaa2a14ee1833add55672224d806dd44b80cf5c6d5049d19"
  name = "github.com/robertkrimen/otto"
  packages = [
    ".",
    "ast",
    "dbg",
    "file",
    "parser",
    "registry",
    "token",
    "underscore",
  ]
  pruneopts = "UT"
  revision = "fc2eb1bbf1c5c462313c810bb02dc93cd964aebe"

[[projects]]
  digest = "1:4b9bd28bbf14271f4b89a6c401589ea5939d14138e0399c253c1939cc4252d2f"
  name = "github.com/rs/cors"
  packages = ["."]
  pruneopts = "UT"
  revision = "a62a804a8a009876ca59105f7899938a1349f4b3"
  version = "v1.0"

[[projects]]
  digest = "1:495ba836007e3cfcf0603b23a38d33929d404d711652b58f00b24928236385c4"
  name = "github.com/rs/xhandler"
  packages = ["."]
  pruneopts = "UT"
  revision = "ed27b6fd65218132ee50cd95f38474a3d8a2cd12"
  version = "v.11"

[[projects]]
  digest = "1:9e24b8734ed6f36277ff1fd2c55cfaf2e817878667ce855352f87c89ebe375ba"
  name = "github.com/rubyist/circuitbreaker"
  packages = ["."]
  pruneopts = "UT"
  revision = "af9583088c3453556f6e4f580693ba8606ca459a"

[[projects]]
  digest = "1:34bf609f0bc576cd648a993bd711fb9b25f13dcd4ec1d1f5b4137b9d3ed0ff2f"
  name = "github.com/satori/go.uuid"
  packages = ["."]
  pruneopts = "UT"
  revision = "b061729afc07e77a8aa4fad0a2fd840958f1942a"

[[projects]]
  digest = "1:65fda30b19ea92a0c93011cee3f71b4b9ed4dcbaefe1e126fa6688803b6eaad5"
  name = "github.com/square/go-jose"
  packages = [
    ".",
    "cipher",
    "json",
  ]
  pruneopts = "UT"
  revision = "63d7cfa0284d0bc9bf41d58f802037559c45ce8f"

[[projects]]
  digest = "1:fc8e0d4d8c65f01b09171114cf237cf067549715809a600342b4be267fedceb8"
  name = "github.com/x-cray/logrus-prefixed-formatter"
  packages = ["."]
  pruneopts = "UT"
  revision = "9cd0cf058806896bf8ca66f9a957d36bd9e4ce0f"
  version = "v0.3.2"

[[projects]]
  digest = "1:bf43e36bbce8327ffb940974d64d902e2fe2ca810963386e33b162559e7c97f5"
  name = "github.com/xeipuuv/gojsonpointer"
  packages = ["."]
  pruneopts = "UT"
  revision = "6fe8760cad3569743d51ddbb243b26f8456742dc"

[[projects]]
  digest = "1:32bcfc1e3d2f83a36e1b0fb680b7363aff4154aafafde1dc4d7112b82f5151f1"
  name = "github.com/xeipuuv/gojsonreference"
  packages = ["."]
  pruneopts = "UT"
  revision = "e02fc20de94c78484cd5ffb007f8af96be030a45"

[[projects]]
  digest = "1:8645c48735308968d6a528eea7bb51c3a2e4e9980719a5ceb64cf84d17f11ab5"
  name = "github.com/xeipuuv/gojsonschema"
  packages = ["."]
  pruneopts = "UT"
  revision = "212d8a0df7acfab8bdd190a7a69f0ab7376edcc8"

[[projects]]
  digest = "1:d71de8e9ed7f5f871a344f04915d3cc8bfa31d9c13174375f154a2c1d3b3b566"
  name = "github.com/xenolf/lego"
  packages = ["acme"]
  pruneopts = "UT"
  revision = "28ead50ff1ca93acdb62734d3ed8da0206d036ff"

[[projects]]
  branch = "master"
  digest = "1:9757f69393fd3c1fc35e0aeded9d49bc83571848b3aa8d6721c155742dbf1842"
  name = "golang.org/x/crypto"
  packages = [
    "bcrypt",
    "blowfish",
    "ed25519",
    "ed25519/internal/edwards25519",
    "ocsp",
  ]
  pruneopts = "UT"
  revision = "182538f80094b6a8efaade63a8fd8e0d9d5843dd"

[[projects]]
  branch = "master"
  digest = "1:98e4fba354a5d3706ea7432352940793bd4cdbedcf15e35a455776308ea52498"
  name = "golang.org/x/net"
  packages = [
    "bpf",
    "context",
    "html",
    "html/atom",
    "html/charset",
    "http/httpguts",
    "http2",
    "http2/hpack",
    "idna",
    "internal/iana",
    "internal/socket",
    "internal/timeseries",
    "ipv4",
    "ipv6",
    "publicsuffix",
    "trace",
  ]
  pruneopts = "UT"
  revision = "8a410e7b638dca158bf9e766925842f6651ff828"

[[projects]]
  digest = "1:7e4883b3c1d1c69626c91f4676715e7efb52198be35022d53b3eb78737b6e1a8"
  name = "golang.org/x/sys"
  packages = [
    "unix",
    "windows",
  ]
  pruneopts = "UT"
  revision = "7a6e5648d140666db5d920909e082ca00a87ba2c"

[[projects]]
  digest = "1:c0891fb32c91644f2048ce320a1276d03819d9accf3ad0e2d31babbfe024beb5"
  name = "golang.org/x/text"
  packages = [
    "encoding",
    "encoding/charmap",
    "encoding/htmlindex",
    "encoding/internal",
    "encoding/internal/identifier",
    "encoding/japanese",
    "encoding/korean",
    "encoding/simplifiedchinese",
    "encoding/traditionalchinese",
    "encoding/unicode",
    "internal/gen",
    "internal/tag",
    "internal/triegen",
    "internal/ucd",
    "internal/utf8internal",
    "language",
    "runes",
    "secure/bidirule",
    "transform",
    "unicode/bidi",
    "unicode/cldr",
    "unicode/norm",
    "unicode/rangetable",
  ]
  pruneopts = "UT"
  revision = "dafb3384ad25363d928a9e97ce4ad3a2f0667e34"

[[projects]]
  digest = "1:d37b0ef2944431fe9e8ef35c6fffc8990d9e2ca300588df94a6890f3649ae365"
  name = "golang.org/x/time"
  packages = ["rate"]
  pruneopts = "UT"
  revision = "f51c12702a4d776e4c1fa9b0fabab841babae631"

[[projects]]
  digest = "1:e035746398055c893b89370aa82b8e7ffb4940b689c6e5626300591e5a33d83d"
  name = "google.golang.org/appengine"
  packages = [
    ".",
    "datastore",
    "internal",
    "internal/app_identity",
    "internal/base",
    "internal/datastore",
    "internal/log",
    "internal/modules",
    "internal/remote_api",
  ]
  pruneopts = "UT"
  revision = "b1f26356af11148e710935ed1ac8a7f5702c7612"
  version = "v1.1.0"

[[projects]]
  digest = "1:3c24554c312721e98fa6b76403e7100cf974eb46b1255ea7fc6471db9a9ce498"
  name = "google.golang.org/genproto"
  packages = ["googleapis/rpc/status"]
  pruneopts = "UT"
  revision = "11a468237815f3a3ddf9f7c6e8b6b3b382a24d15"

[[projects]]
  digest = "1:c432f798224219d09e80f15f3eb7c67807b9cfc47b6a5bc1e251d76f15a3b2f8"
  name = "google.golang.org/grpc"
  packages = [
    ".",
    "balancer",
    "balancer/base",
    "balancer/roundrobin",
    "channelz",
    "codes",
    "connectivity",
    "credentials",
    "encoding",
    "encoding/proto",
    "grpclb/grpc_lb_v1/messages",
    "grpclog",
    "internal",
    "keepalive",
    "metadata",
    "naming",
    "peer",
    "resolver",
    "resolver/dns",
    "resolver/passthrough",
    "stats",
    "status",
    "tap",
    "transport",
  ]
  pruneopts = "UT"
  revision = "18957c5fcde0c3037144153d3db03756542007e5"

[[projects]]
  digest = "1:49da7cd9f265adb37d8732aa3ea27968c4e92b2ac28937468d954134c269d2aa"
  name = "gopkg.in/alecthomas/kingpin.v2"
  packages = ["."]
  pruneopts = "UT"
  revision = "1087e65c9441605df944fb12c33f0fe7072d18ca"
  version = "v2.2.5"

[[projects]]
  digest = "1:9e8ac8aa4f4c5557ba0b03a55d407b07b7030ed552b437a9dc7e5ec90f16ab39"
  name = "gopkg.in/mgo.v2"
  packages = [
    "bson",
    "internal/json",
  ]
  pruneopts = "UT"
  revision = "3f83fa5005286a7fe593b055f0d7771a7dce4655"

[[projects]]
  digest = "1:8188253b69bf27f0bdc2d626e1298bc50577327134b25eeb98b61a17826b5f0e"
  name = "gopkg.in/sourcemap.v1"
  packages = [
    ".",
    "base64vlq",
  ]
  pruneopts = "UT"
  revision = "eef8f47ab679652a7d3a4ee34c34314d255d2536"
  version = "v1.0.3"

[[projects]]
  digest = "1:28485c3242fe3458af48523c426fe1661b76b23e202b3321db9a9becd672826e"
  name = "gopkg.in/square/go-jose.v1"
  packages = [
    ".",
    "cipher",
    "json",
  ]
  pruneopts = "UT"
  revision = "aa2e30fdd1fe9dd3394119af66451ae790d50e0d"
  version = "v1.1.0"

[[projects]]
  digest = "1:ea77b1a88a0006c9f22b8048b729a543ee6a0f32d2ce0951204a4eaa3ab26a00"
  name = "gopkg.in/vmihailenco/msgpack.v2"
  packages = [
    ".",
    "codes",
  ]
  pruneopts = "UT"
  revision = "200315d5c8aab339f5a5cd44219f4b50ad0782df"
  version = "v2.7.4"

[[projects]]
  branch = "v2"
  digest = "1:c78e25c1cf10b1d9d1dd866f3f246f239b66d4648a16e3da1c098444e288c0e9"
  name = "gopkg.in/xmlpath.v2"
  packages = ["."]
  pruneopts = "UT"
  revision = "860cbeca3ebcc600db0b213c0e83ad6ce91f5739"

[[projects]]
  digest = "1:3253435bcec387270fe70c39a4ffcb8bdc9bcc82c32d320b5546ec02a0808007"
  name = "rsc.io/letsencrypt"
  packages = ["."]
  pruneopts = "UT"
  revision = "33926faef6d434b854ea994228f11d0185faa0c1"
  version = "v0.0.1"

[solve-meta]
  analyzer-name = "dep"
  analyzer-version = 1
  input-imports = [
    "github.com/Jeffail/gabs",
    "github.com/Sirupsen/logrus",
    "github.com/Sirupsen/logrus/hooks/syslog",
    "github.com/TykTechnologies/drl",
    "github.com/TykTechnologies/goagain",
    "github.com/TykTechnologies/gojsonschema",
    "github.com/TykTechnologies/goverify",
    "github.com/TykTechnologies/leakybucket",
    "github.com/TykTechnologies/leakybucket/memorycache",
    "github.com/TykTechnologies/murmur3",
    "github.com/TykTechnologies/openid2go/openid",
    "github.com/TykTechnologies/redigocluster/rediscluster",
    "github.com/TykTechnologies/tyk/apidef",
    "github.com/TykTechnologies/tyk/apidef/importer",
    "github.com/TykTechnologies/tyk/certs",
    "github.com/TykTechnologies/tyk/checkup",
    "github.com/TykTechnologies/tyk/cli",
    "github.com/TykTechnologies/tyk/cli/bundler",
    "github.com/TykTechnologies/tyk/cli/importer",
    "github.com/TykTechnologies/tyk/cli/lint",
    "github.com/TykTechnologies/tyk/config",
    "github.com/TykTechnologies/tyk/coprocess",
    "github.com/TykTechnologies/tyk/log",
    "github.com/TykTechnologies/tyk/regexp",
    "github.com/TykTechnologies/tyk/request",
    "github.com/TykTechnologies/tyk/storage",
    "github.com/TykTechnologies/tyk/test",
    "github.com/TykTechnologies/tyk/user",
    "github.com/bshuster-repo/logrus-logstash-hook",
    "github.com/buger/jsonparser",
    "github.com/clbanning/mxj",
    "github.com/dgrijalva/jwt-go",
    "github.com/evalphobia/logrus_sentry",
    "github.com/facebookgo/pidfile",
    "github.com/franela/goreq",
    "github.com/garyburd/redigo/redis",
    "github.com/gemnasium/logrus-graylog-hook",
    "github.com/gocraft/health",
    "github.com/golang/protobuf/proto",
    "github.com/gorilla/mux",
    "github.com/gorilla/websocket",
    "github.com/jeffail/tunny",
    "github.com/justinas/alice",
    "github.com/kelseyhightower/envconfig",
    "github.com/lonelycode/go-uuid/uuid",
    "github.com/lonelycode/gorpc",
    "github.com/lonelycode/osin",
    "github.com/mavricknz/ldap",
    "github.com/miekg/dns",
    "github.com/mitchellh/mapstructure",
    "github.com/newrelic/go-agent",
    "github.com/newrelic/go-agent/_integrations/nrgorilla/v1",
    "github.com/oschwald/maxminddb-golang",
    "github.com/paulbellamy/ratecounter",
    "github.com/pmylund/go-cache",
    "github.com/robertkrimen/otto",
    "github.com/robertkrimen/otto/underscore",
    "github.com/rs/cors",
    "github.com/rubyist/circuitbreaker",
    "github.com/satori/go.uuid",
    "github.com/x-cray/logrus-prefixed-formatter",
    "github.com/xeipuuv/gojsonschema",
    "golang.org/x/crypto/bcrypt",
    "golang.org/x/net/context",
    "golang.org/x/net/html/charset",
    "google.golang.org/grpc",
    "gopkg.in/alecthomas/kingpin.v2",
    "gopkg.in/mgo.v2/bson",
    "gopkg.in/vmihailenco/msgpack.v2",
    "gopkg.in/xmlpath.v2",
    "rsc.io/letsencrypt",
  ]
  solver-name = "gps-cdcl"
  solver-version = 1
